# This file is automatically @generated by Cargo.
# It is not intended for manual editing.
version = 4

[[package]]
name = "isms-api-types"
version = "0.1.0"

[[package]]
name = "isms-cli"
version = "0.1.0"

[[package]]
name = "isms-core"
version = "0.1.0"

[[package]]
name = "isms-server"
version = "0.1.0"

[[package]]
name = "isms-sim"
version = "0.1.0"

[[package]]
name = "isms-store"
version = "0.1.0"
